
Microsoft Visual Studio Solution File, Format Version 12.00
# Visual Studio Version 16
VisualStudioVersion = 16.0.30611.23
MinimumVisualStudioVersion = 10.0.40219.1
Project("{9A19103F-16F7-4668-BE54-9A1E7A4F7556}") = "ScdTool", "ScdTool\ScdTool.csproj", "{AAEE2EF5-DC75-4F95-995A-FEE131E3DF57}"
EndProject
Project("{8BC9CEB8-8B4A-11D0-8D11-00A0C91BC942}") = "picoc", "picoc\picoc.vcxproj", "{F0C89369-2838-4DE6-8AE1-5B59D4DD6DEA}"
EndProject
Global
	GlobalSection(SolutionConfigurationPlatforms) = preSolution
		Debug|Any CPU = Debug|Any CPU
		Debug|x64 = Debug|x64
		Debug|x86 = Debug|x86
		Release|Any CPU = Release|Any CPU
		Release|x64 = Release|x64
		Release|x86 = Release|x86
	EndGlobalSection
	GlobalSection(ProjectConfigurationPlatforms) = postSolution
		{AAEE2EF5-DC75-4F95-995A-FEE131E3DF57}.Debug|Any CPU.ActiveCfg = Debug|Any CPU
		{AAEE2EF5-DC75-4F95-995A-FEE131E3DF57}.Debug|Any CPU.Build.0 = Debug|Any CPU
		{AAEE2EF5-DC75-4F95-995A-FEE131E3DF57}.Debug|x64.ActiveCfg = Debug|Any CPU
		{AAEE2EF5-DC75-4F95-995A-FEE131E3DF57}.Debug|x64.Build.0 = Debug|Any CPU
		{AAEE2EF5-DC75-4F95-995A-FEE131E3DF57}.Debug|x86.ActiveCfg = Debug|Any CPU
		{AAEE2EF5-DC75-4F95-995A-FEE131E3DF57}.Debug|x86.Build.0 = Debug|Any CPU
		{AAEE2EF5-DC75-4F95-995A-FEE131E3DF57}.Release|Any CPU.ActiveCfg = Release|Any CPU
		{AAEE2EF5-DC75-4F95-995A-FEE131E3DF57}.Release|Any CPU.Build.0 = Release|Any CPU
		{AAEE2EF5-DC75-4F95-995A-FEE131E3DF57}.Release|x64.ActiveCfg = Release|Any CPU
		{AAEE2EF5-DC75-4F95-995A-FEE131E3DF57}.Release|x64.Build.0 = Release|Any CPU
		{AAEE2EF5-DC75-4F95-995A-FEE131E3DF57}.Release|x86.ActiveCfg = Release|Any CPU
		{AAEE2EF5-DC75-4F95-995A-FEE131E3DF57}.Release|x86.Build.0 = Release|Any CPU
		{F0C89369-2838-4DE6-8AE1-5B59D4DD6DEA}.Debug|Any CPU.ActiveCfg = Debug|Win32
		{F0C89369-2838-4DE6-8AE1-5B59D4DD6DEA}.Debug|x64.ActiveCfg = Debug|x64
		{F0C89369-2838-4DE6-8AE1-5B59D4DD6DEA}.Debug|x64.Build.0 = Debug|x64
		{F0C89369-2838-4DE6-8AE1-5B59D4DD6DEA}.Debug|x86.ActiveCfg = Debug|Win32
		{F0C89369-2838-4DE6-8AE1-5B59D4DD6DEA}.Debug|x86.Build.0 = Debug|Win32
		{F0C89369-2838-4DE6-8AE1-5B59D4DD6DEA}.Release|Any CPU.ActiveCfg = Release|Win32
		{F0C89369-2838-4DE6-8AE1-5B59D4DD6DEA}.Release|x64.ActiveCfg = Release|x64
		{F0C89369-2838-4DE6-8AE1-5B59D4DD6DEA}.Release|x64.Build.0 = Release|x64
		{F0C89369-2838-4DE6-8AE1-5B59D4DD6DEA}.Release|x86.ActiveCfg = Release|Win32
		{F0C89369-2838-4DE6-8AE1-5B59D4DD6DEA}.Release|x86.Build.0 = Release|Win32
	EndGlobalSection
	GlobalSection(SolutionProperties) = preSolution
		HideSolutionNode = FALSE
	EndGlobalSection
	GlobalSection(ExtensibilityGlobals) = postSolution
		SolutionGuid = {2CD4B4B5-6996-48AD-BD2C-C97A45BA3970}
	EndGlobalSection
EndGlobal
