<?xml version="1.0" encoding="utf-8"?>
<Project ToolsVersion="4.0" xmlns="http://schemas.microsoft.com/developer/msbuild/2003">
  <ItemGroup>
    <Filter Include="Source Files">
      <UniqueIdentifier>{f3776912-d622-40e7-b860-311953d37cac}</UniqueIdentifier>
      <Extensions>cpp;c;cxx;rc;def;r;odl;idl;hpj;bat</Extensions>
    </Filter>
    <Filter Include="Header Files">
      <UniqueIdentifier>{82b735eb-fcd5-4b59-afe6-db9724480d8f}</UniqueIdentifier>
      <Extensions>h;hpp;hxx;hm;inl</Extensions>
    </Filter>
  </ItemGroup>
  <ItemGroup>
    <ClCompile Include="CtrlSheet.cpp">
      <Filter>Source Files</Filter>
    </ClCompile>
    <ClCompile Include="EeprPage.cpp">
      <Filter>Source Files</Filter>
    </ClCompile>
    <ClCompile Include="I2CSPage.cpp">
      <Filter>Source Files</Filter>
    </ClCompile>
    <ClCompile Include="OtherPage.cpp">
      <Filter>Source Files</Filter>
    </ClCompile>
    <ClCompile Include="StdAfx.cpp">
      <Filter>Source Files</Filter>
    </ClCompile>
    <ClCompile Include="USB2I2C.cpp">
      <Filter>Source Files</Filter>
    </ClCompile>
    <ClCompile Include="USB2I2CDlg.cpp">
      <Filter>Source Files</Filter>
    </ClCompile>
  </ItemGroup>
  <ItemGroup>
    <ResourceCompile Include="USB2I2C.rc">
      <Filter>Source Files</Filter>
    </ResourceCompile>
  </ItemGroup>
  <ItemGroup>
    <ClInclude Include="CtrlSheet.h">
      <Filter>Header Files</Filter>
    </ClInclude>
    <ClInclude Include="EeprPage.h">
      <Filter>Header Files</Filter>
    </ClInclude>
    <ClInclude Include="I2CSPage.h">
      <Filter>Header Files</Filter>
    </ClInclude>
    <ClInclude Include="OtherPage.h">
      <Filter>Header Files</Filter>
    </ClInclude>
    <ClInclude Include="Resource.h">
      <Filter>Header Files</Filter>
    </ClInclude>
    <ClInclude Include="StdAfx.h">
      <Filter>Header Files</Filter>
    </ClInclude>
    <ClInclude Include="Total.h">
      <Filter>Header Files</Filter>
    </ClInclude>
    <ClInclude Include="USB2I2C.h">
      <Filter>Header Files</Filter>
    </ClInclude>
    <ClInclude Include="USB2I2CDlg.h">
      <Filter>Header Files</Filter>
    </ClInclude>
    <ClInclude Include="USBIOX.H">
      <Filter>Header Files</Filter>
    </ClInclude>
  </ItemGroup>
  <ItemGroup>
    <Image Include="res\USB2I2C.ico" />
  </ItemGroup>
</Project>